
Microsoft Visual Studio Solution File, Format Version 12.00
# Visual Studio Version 17
VisualStudioVersion = 17.8.34316.72
MinimumVisualStudioVersion = 10.0.40219.1
Project("{9A19103F-16F7-4668-BE54-9A1E7A4F7556}") = "TestResultsDashboard.WebApi", "TestResultsDashboard.WebApi\TestResultsDashboard.WebApi.csproj", "{81F31341-17C5-4ED8-B5AF-AC4EF2CB718F}"
EndProject
Project("{9A19103F-16F7-4668-BE54-9A1E7A4F7556}") = "TestResultsDashboard.Repositories", "TestResultsDashboard.Repositories\TestResultsDashboard.Repositories.csproj", "{86BEF109-BD8A-4480-83A1-9146A4FD2A89}"
EndProject
Project("{9A19103F-16F7-4668-BE54-9A1E7A4F7556}") = "TestResultsDashboard.Services", "TestResultsDashboard.Services\TestResultsDashboard.Services.csproj", "{88C7DF60-F73C-41B4-97F3-37DA1B18672C}"
EndProject
Project("{9A19103F-16F7-4668-BE54-9A1E7A4F7556}") = "TestResultsDashboard.Common", "TestResultsDashboard.Common\TestResultsDashboard.Common.csproj", "{313F3DD8-B4F2-452E-9BA4-E1A663917989}"
EndProject
Project("{2150E333-8FDC-42A3-9474-1A3956D46DE8}") = "src", "src", "{C986B8A1-904D-4AF7-A274-DC463CFD00C4}"
EndProject
Project("{2150E333-8FDC-42A3-9474-1A3956D46DE8}") = "tests", "tests", "{4E8D2DAB-6EA7-49AA-96CD-973F9CC51813}"
EndProject
Project("{9A19103F-16F7-4668-BE54-9A1E7A4F7556}") = "TestResultsDashboard.Services.Tests", "TestResultsDashboard.Services.Tests\TestResultsDashboard.Services.Tests.csproj", "{5245AE80-FD4B-4865-B1CA-213EE2FB9F5B}"
EndProject
Project("{9A19103F-16F7-4668-BE54-9A1E7A4F7556}") = "TestResultsDashboard.TestDatabase", "TestResultsDashboard.TestDatabase\TestResultsDashboard.TestDatabase.csproj", "{8C010F78-AC9E-4501-B8FD-8A6E21633ADD}"
EndProject
Project("{9A19103F-16F7-4668-BE54-9A1E7A4F7556}") = "TestResultsDashboard.AppTests", "TestResultsDashboard.SystemTests\TestResultsDashboard.AppTests.csproj", "{9B7D8AC2-19E3-47FE-B13A-BC439EFD867D}"
EndProject
Project("{2150E333-8FDC-42A3-9474-1A3956D46DE8}") = "AppTests", "AppTests", "{877DCD2A-76C0-4373-BCAD-F9B08B0C2C03}"
EndProject
Global
	GlobalSection(SolutionConfigurationPlatforms) = preSolution
		Debug|Any CPU = Debug|Any CPU
		Release|Any CPU = Release|Any CPU
	EndGlobalSection
	GlobalSection(ProjectConfigurationPlatforms) = postSolution
		{81F31341-17C5-4ED8-B5AF-AC4EF2CB718F}.Debug|Any CPU.ActiveCfg = Debug|Any CPU
		{81F31341-17C5-4ED8-B5AF-AC4EF2CB718F}.Debug|Any CPU.Build.0 = Debug|Any CPU
		{81F31341-17C5-4ED8-B5AF-AC4EF2CB718F}.Release|Any CPU.ActiveCfg = Release|Any CPU
		{81F31341-17C5-4ED8-B5AF-AC4EF2CB718F}.Release|Any CPU.Build.0 = Release|Any CPU
		{86BEF109-BD8A-4480-83A1-9146A4FD2A89}.Debug|Any CPU.ActiveCfg = Debug|Any CPU
		{86BEF109-BD8A-4480-83A1-9146A4FD2A89}.Debug|Any CPU.Build.0 = Debug|Any CPU
		{86BEF109-BD8A-4480-83A1-9146A4FD2A89}.Release|Any CPU.ActiveCfg = Release|Any CPU
		{86BEF109-BD8A-4480-83A1-9146A4FD2A89}.Release|Any CPU.Build.0 = Release|Any CPU
		{88C7DF60-F73C-41B4-97F3-37DA1B18672C}.Debug|Any CPU.ActiveCfg = Debug|Any CPU
		{88C7DF60-F73C-41B4-97F3-37DA1B18672C}.Debug|Any CPU.Build.0 = Debug|Any CPU
		{88C7DF60-F73C-41B4-97F3-37DA1B18672C}.Release|Any CPU.ActiveCfg = Release|Any CPU
		{88C7DF60-F73C-41B4-97F3-37DA1B18672C}.Release|Any CPU.Build.0 = Release|Any CPU
		{313F3DD8-B4F2-452E-9BA4-E1A663917989}.Debug|Any CPU.ActiveCfg = Debug|Any CPU
		{313F3DD8-B4F2-452E-9BA4-E1A663917989}.Debug|Any CPU.Build.0 = Debug|Any CPU
		{313F3DD8-B4F2-452E-9BA4-E1A663917989}.Release|Any CPU.ActiveCfg = Release|Any CPU
		{313F3DD8-B4F2-452E-9BA4-E1A663917989}.Release|Any CPU.Build.0 = Release|Any CPU
		{5245AE80-FD4B-4865-B1CA-213EE2FB9F5B}.Debug|Any CPU.ActiveCfg = Debug|Any CPU
		{5245AE80-FD4B-4865-B1CA-213EE2FB9F5B}.Debug|Any CPU.Build.0 = Debug|Any CPU
		{5245AE80-FD4B-4865-B1CA-213EE2FB9F5B}.Release|Any CPU.ActiveCfg = Release|Any CPU
		{5245AE80-FD4B-4865-B1CA-213EE2FB9F5B}.Release|Any CPU.Build.0 = Release|Any CPU
		{8C010F78-AC9E-4501-B8FD-8A6E21633ADD}.Debug|Any CPU.ActiveCfg = Debug|Any CPU
		{8C010F78-AC9E-4501-B8FD-8A6E21633ADD}.Debug|Any CPU.Build.0 = Debug|Any CPU
		{8C010F78-AC9E-4501-B8FD-8A6E21633ADD}.Release|Any CPU.ActiveCfg = Release|Any CPU
		{8C010F78-AC9E-4501-B8FD-8A6E21633ADD}.Release|Any CPU.Build.0 = Release|Any CPU
		{9B7D8AC2-19E3-47FE-B13A-BC439EFD867D}.Debug|Any CPU.ActiveCfg = Debug|Any CPU
		{9B7D8AC2-19E3-47FE-B13A-BC439EFD867D}.Debug|Any CPU.Build.0 = Debug|Any CPU
		{9B7D8AC2-19E3-47FE-B13A-BC439EFD867D}.Release|Any CPU.ActiveCfg = Release|Any CPU
		{9B7D8AC2-19E3-47FE-B13A-BC439EFD867D}.Release|Any CPU.Build.0 = Release|Any CPU
	EndGlobalSection
	GlobalSection(SolutionProperties) = preSolution
		HideSolutionNode = FALSE
	EndGlobalSection
	GlobalSection(NestedProjects) = preSolution
		{81F31341-17C5-4ED8-B5AF-AC4EF2CB718F} = {C986B8A1-904D-4AF7-A274-DC463CFD00C4}
		{86BEF109-BD8A-4480-83A1-9146A4FD2A89} = {C986B8A1-904D-4AF7-A274-DC463CFD00C4}
		{88C7DF60-F73C-41B4-97F3-37DA1B18672C} = {C986B8A1-904D-4AF7-A274-DC463CFD00C4}
		{313F3DD8-B4F2-452E-9BA4-E1A663917989} = {C986B8A1-904D-4AF7-A274-DC463CFD00C4}
		{5245AE80-FD4B-4865-B1CA-213EE2FB9F5B} = {4E8D2DAB-6EA7-49AA-96CD-973F9CC51813}
		{8C010F78-AC9E-4501-B8FD-8A6E21633ADD} = {877DCD2A-76C0-4373-BCAD-F9B08B0C2C03}
		{9B7D8AC2-19E3-47FE-B13A-BC439EFD867D} = {877DCD2A-76C0-4373-BCAD-F9B08B0C2C03}
		{877DCD2A-76C0-4373-BCAD-F9B08B0C2C03} = {4E8D2DAB-6EA7-49AA-96CD-973F9CC51813}
	EndGlobalSection
	GlobalSection(ExtensibilityGlobals) = postSolution
		SolutionGuid = {823FB94B-F1C7-46B9-8C6B-ACD6556B4E3C}
	EndGlobalSection
EndGlobal
